
Microsoft Visual Studio Solution File, Format Version 12.00
# Visual Studio Version 16
VisualStudioVersion = 16.0.32002.261
MinimumVisualStudioVersion = 10.0.40219.1
Project("{FAE04EC0-301F-11D3-BF4B-00C04F79EFBC}") = "Files", "Files\Files.csproj", "{0A57CCCB-3D72-423C-B3DC-2374D08FE5AE}"
EndProject
Global
	GlobalSection(SolutionConfigurationPlatforms) = preSolution
		Debug|Any CPU = Debug|Any CPU
		Release|Any CPU = Release|Any CPU
	EndGlobalSection
	GlobalSection(ProjectConfigurationPlatforms) = postSolution
		{0A57CCCB-3D72-423C-B3DC-2374D08FE5AE}.Debug|Any CPU.ActiveCfg = Debug|Any CPU
		{0A57CCCB-3D72-423C-B3DC-2374D08FE5AE}.Debug|Any CPU.Build.0 = Debug|Any CPU
		{0A57CCCB-3D72-423C-B3DC-2374D08FE5AE}.Release|Any CPU.ActiveCfg = Release|Any CPU
		{0A57CCCB-3D72-423C-B3DC-2374D08FE5AE}.Release|Any CPU.Build.0 = Release|Any CPU
	EndGlobalSection
	GlobalSection(SolutionProperties) = preSolution
		HideSolutionNode = FALSE
	EndGlobalSection
	GlobalSection(ExtensibilityGlobals) = postSolution
		SolutionGuid = {773FF3FC-CC70-43EE-898E-3E7EBB977950}
	EndGlobalSection
EndGlobal
