
Microsoft Visual Studio Solution File, Format Version 12.00
# Visual Studio Version 16
VisualStudioVersion = 16.0.31702.278
MinimumVisualStudioVersion = 10.0.40219.1
Project("{FAE04EC0-301F-11D3-BF4B-00C04F79EFBC}") = "Exercise2", "Exercise2\Exercise2.csproj", "{1A7D2649-6145-40E4-A2A5-D516CCF4EE79}"
EndProject
Global
	GlobalSection(SolutionConfigurationPlatforms) = preSolution
		Debug|Any CPU = Debug|Any CPU
		Release|Any CPU = Release|Any CPU
	EndGlobalSection
	GlobalSection(ProjectConfigurationPlatforms) = postSolution
		{1A7D2649-6145-40E4-A2A5-D516CCF4EE79}.Debug|Any CPU.ActiveCfg = Debug|Any CPU
		{1A7D2649-6145-40E4-A2A5-D516CCF4EE79}.Debug|Any CPU.Build.0 = Debug|Any CPU
		{1A7D2649-6145-40E4-A2A5-D516CCF4EE79}.Release|Any CPU.ActiveCfg = Release|Any CPU
		{1A7D2649-6145-40E4-A2A5-D516CCF4EE79}.Release|Any CPU.Build.0 = Release|Any CPU
	EndGlobalSection
	GlobalSection(SolutionProperties) = preSolution
		HideSolutionNode = FALSE
	EndGlobalSection
	GlobalSection(ExtensibilityGlobals) = postSolution
		SolutionGuid = {4DC50F66-5E25-40EA-BB0F-9E3A0D3C3B13}
	EndGlobalSection
EndGlobal
